
Microsoft Visual Studio Solution File, Format Version 12.00
# Visual Studio 15
VisualStudioVersion = 15.0.26124.0
MinimumVisualStudioVersion = 15.0.26124.0
Project("{FAE04EC0-301F-11D3-BF4B-00C04F79EFBC}") = "Codesophy.Design", "Codesophy.Design\Codesophy.Design.csproj", "{C7DB1BA5-EF33-45B2-BE90-F4F5CC9EB899}"
EndProject
Project("{FAE04EC0-301F-11D3-BF4B-00C04F79EFBC}") = "Codesophy.Xml", "Codesophy.Xml\Codesophy.Xml.csproj", "{AA278186-B0B5-4AA1-9BA4-0F09C494B7E3}"
EndProject
Project("{FAE04EC0-301F-11D3-BF4B-00C04F79EFBC}") = "Codesophy.Code", "Codesophy.Code\Codesophy.Code.csproj", "{1BCB255C-1BD2-49F7-B152-DCD994830A73}"
EndProject
Project("{FAE04EC0-301F-11D3-BF4B-00C04F79EFBC}") = "Codesophy.Ide.Server", "Codesophy.Ide.Server\Codesophy.Ide.Server.csproj", "{3F3AAE5F-DFEF-40BA-81CA-6C533B3E87A9}"
EndProject
Project("{FAE04EC0-301F-11D3-BF4B-00C04F79EFBC}") = "Codesophy.Ide", "Codesophy.Ide\Codesophy.Ide.csproj", "{70F839A0-6BA3-4C10-940A-F508E315C246}"
EndProject
Global
	GlobalSection(SolutionConfigurationPlatforms) = preSolution
		Debug|Any CPU = Debug|Any CPU
		Debug|x64 = Debug|x64
		Debug|x86 = Debug|x86
		Release|Any CPU = Release|Any CPU
		Release|x64 = Release|x64
		Release|x86 = Release|x86
	EndGlobalSection
	GlobalSection(SolutionProperties) = preSolution
		HideSolutionNode = FALSE
	EndGlobalSection
	GlobalSection(ProjectConfigurationPlatforms) = postSolution
		{C7DB1BA5-EF33-45B2-BE90-F4F5CC9EB899}.Debug|Any CPU.ActiveCfg = Debug|Any CPU
		{C7DB1BA5-EF33-45B2-BE90-F4F5CC9EB899}.Debug|Any CPU.Build.0 = Debug|Any CPU
		{C7DB1BA5-EF33-45B2-BE90-F4F5CC9EB899}.Debug|x64.ActiveCfg = Debug|Any CPU
		{C7DB1BA5-EF33-45B2-BE90-F4F5CC9EB899}.Debug|x64.Build.0 = Debug|Any CPU
		{C7DB1BA5-EF33-45B2-BE90-F4F5CC9EB899}.Debug|x86.ActiveCfg = Debug|Any CPU
		{C7DB1BA5-EF33-45B2-BE90-F4F5CC9EB899}.Debug|x86.Build.0 = Debug|Any CPU
		{C7DB1BA5-EF33-45B2-BE90-F4F5CC9EB899}.Release|Any CPU.ActiveCfg = Release|Any CPU
		{C7DB1BA5-EF33-45B2-BE90-F4F5CC9EB899}.Release|Any CPU.Build.0 = Release|Any CPU
		{C7DB1BA5-EF33-45B2-BE90-F4F5CC9EB899}.Release|x64.ActiveCfg = Release|Any CPU
		{C7DB1BA5-EF33-45B2-BE90-F4F5CC9EB899}.Release|x64.Build.0 = Release|Any CPU
		{C7DB1BA5-EF33-45B2-BE90-F4F5CC9EB899}.Release|x86.ActiveCfg = Release|Any CPU
		{C7DB1BA5-EF33-45B2-BE90-F4F5CC9EB899}.Release|x86.Build.0 = Release|Any CPU
		{AA278186-B0B5-4AA1-9BA4-0F09C494B7E3}.Debug|Any CPU.ActiveCfg = Debug|Any CPU
		{AA278186-B0B5-4AA1-9BA4-0F09C494B7E3}.Debug|Any CPU.Build.0 = Debug|Any CPU
		{AA278186-B0B5-4AA1-9BA4-0F09C494B7E3}.Debug|x64.ActiveCfg = Debug|Any CPU
		{AA278186-B0B5-4AA1-9BA4-0F09C494B7E3}.Debug|x64.Build.0 = Debug|Any CPU
		{AA278186-B0B5-4AA1-9BA4-0F09C494B7E3}.Debug|x86.ActiveCfg = Debug|Any CPU
		{AA278186-B0B5-4AA1-9BA4-0F09C494B7E3}.Debug|x86.Build.0 = Debug|Any CPU
		{AA278186-B0B5-4AA1-9BA4-0F09C494B7E3}.Release|Any CPU.ActiveCfg = Release|Any CPU
		{AA278186-B0B5-4AA1-9BA4-0F09C494B7E3}.Release|Any CPU.Build.0 = Release|Any CPU
		{AA278186-B0B5-4AA1-9BA4-0F09C494B7E3}.Release|x64.ActiveCfg = Release|Any CPU
		{AA278186-B0B5-4AA1-9BA4-0F09C494B7E3}.Release|x64.Build.0 = Release|Any CPU
		{AA278186-B0B5-4AA1-9BA4-0F09C494B7E3}.Release|x86.ActiveCfg = Release|Any CPU
		{AA278186-B0B5-4AA1-9BA4-0F09C494B7E3}.Release|x86.Build.0 = Release|Any CPU
		{1BCB255C-1BD2-49F7-B152-DCD994830A73}.Debug|Any CPU.ActiveCfg = Debug|Any CPU
		{1BCB255C-1BD2-49F7-B152-DCD994830A73}.Debug|Any CPU.Build.0 = Debug|Any CPU
		{1BCB255C-1BD2-49F7-B152-DCD994830A73}.Debug|x64.ActiveCfg = Debug|Any CPU
		{1BCB255C-1BD2-49F7-B152-DCD994830A73}.Debug|x64.Build.0 = Debug|Any CPU
		{1BCB255C-1BD2-49F7-B152-DCD994830A73}.Debug|x86.ActiveCfg = Debug|Any CPU
		{1BCB255C-1BD2-49F7-B152-DCD994830A73}.Debug|x86.Build.0 = Debug|Any CPU
		{1BCB255C-1BD2-49F7-B152-DCD994830A73}.Release|Any CPU.ActiveCfg = Release|Any CPU
		{1BCB255C-1BD2-49F7-B152-DCD994830A73}.Release|Any CPU.Build.0 = Release|Any CPU
		{1BCB255C-1BD2-49F7-B152-DCD994830A73}.Release|x64.ActiveCfg = Release|Any CPU
		{1BCB255C-1BD2-49F7-B152-DCD994830A73}.Release|x64.Build.0 = Release|Any CPU
		{1BCB255C-1BD2-49F7-B152-DCD994830A73}.Release|x86.ActiveCfg = Release|Any CPU
		{1BCB255C-1BD2-49F7-B152-DCD994830A73}.Release|x86.Build.0 = Release|Any CPU
		{3F3AAE5F-DFEF-40BA-81CA-6C533B3E87A9}.Debug|Any CPU.ActiveCfg = Debug|Any CPU
		{3F3AAE5F-DFEF-40BA-81CA-6C533B3E87A9}.Debug|Any CPU.Build.0 = Debug|Any CPU
		{3F3AAE5F-DFEF-40BA-81CA-6C533B3E87A9}.Debug|x64.ActiveCfg = Debug|Any CPU
		{3F3AAE5F-DFEF-40BA-81CA-6C533B3E87A9}.Debug|x64.Build.0 = Debug|Any CPU
		{3F3AAE5F-DFEF-40BA-81CA-6C533B3E87A9}.Debug|x86.ActiveCfg = Debug|Any CPU
		{3F3AAE5F-DFEF-40BA-81CA-6C533B3E87A9}.Debug|x86.Build.0 = Debug|Any CPU
		{3F3AAE5F-DFEF-40BA-81CA-6C533B3E87A9}.Release|Any CPU.ActiveCfg = Release|Any CPU
		{3F3AAE5F-DFEF-40BA-81CA-6C533B3E87A9}.Release|Any CPU.Build.0 = Release|Any CPU
		{3F3AAE5F-DFEF-40BA-81CA-6C533B3E87A9}.Release|x64.ActiveCfg = Release|Any CPU
		{3F3AAE5F-DFEF-40BA-81CA-6C533B3E87A9}.Release|x64.Build.0 = Release|Any CPU
		{3F3AAE5F-DFEF-40BA-81CA-6C533B3E87A9}.Release|x86.ActiveCfg = Release|Any CPU
		{3F3AAE5F-DFEF-40BA-81CA-6C533B3E87A9}.Release|x86.Build.0 = Release|Any CPU
		{70F839A0-6BA3-4C10-940A-F508E315C246}.Debug|Any CPU.ActiveCfg = Debug|Any CPU
		{70F839A0-6BA3-4C10-940A-F508E315C246}.Debug|Any CPU.Build.0 = Debug|Any CPU
		{70F839A0-6BA3-4C10-940A-F508E315C246}.Debug|x64.ActiveCfg = Debug|Any CPU
		{70F839A0-6BA3-4C10-940A-F508E315C246}.Debug|x64.Build.0 = Debug|Any CPU
		{70F839A0-6BA3-4C10-940A-F508E315C246}.Debug|x86.ActiveCfg = Debug|Any CPU
		{70F839A0-6BA3-4C10-940A-F508E315C246}.Debug|x86.Build.0 = Debug|Any CPU
		{70F839A0-6BA3-4C10-940A-F508E315C246}.Release|Any CPU.ActiveCfg = Release|Any CPU
		{70F839A0-6BA3-4C10-940A-F508E315C246}.Release|Any CPU.Build.0 = Release|Any CPU
		{70F839A0-6BA3-4C10-940A-F508E315C246}.Release|x64.ActiveCfg = Release|Any CPU
		{70F839A0-6BA3-4C10-940A-F508E315C246}.Release|x64.Build.0 = Release|Any CPU
		{70F839A0-6BA3-4C10-940A-F508E315C246}.Release|x86.ActiveCfg = Release|Any CPU
		{70F839A0-6BA3-4C10-940A-F508E315C246}.Release|x86.Build.0 = Release|Any CPU
	EndGlobalSection
EndGlobal
